// !$*UTF8*$!
{
	archiveVersion = 1;
	classes = {
	};
	objectVersion = 55;
	objects = {

/* Begin PBXBuildFile section */
		18762D5628816DD400008E46 /* LICENSE in Resources */ = {isa = PBXBuildFile; fileRef = 18762D5428816DD400008E46 /* LICENSE */; };
		18762D5728816DD400008E46 /* AbcdTestDemo.podspec in Resources */ = {isa = PBXBuildFile; fileRef = 18762D5528816DD400008E46 /* AbcdTestDemo.podspec */; };
		18762D5928816E4600008E46 /* README.md in Resources */ = {isa = PBXBuildFile; fileRef = 18762D5828816E4600008E46 /* README.md */; };
		189097D528813F1000572676 /* AbcdTestDemo.h in Headers */ = {isa = PBXBuildFile; fileRef = 189097D428813F1000572676 /* AbcdTestDemo.h */; settings = {ATTRIBUTES = (Public, ); }; };
		189097E228813F3200572676 /* AppDelegate.swift in Sources */ = {isa = PBXBuildFile; fileRef = 189097E128813F3200572676 /* AppDelegate.swift */; };
		189097E428813F3300572676 /* SceneDelegate.swift in Sources */ = {isa = PBXBuildFile; fileRef = 189097E328813F3300572676 /* SceneDelegate.swift */; };
		189097E628813F3300572676 /* ViewController.swift in Sources */ = {isa = PBXBuildFile; fileRef = 189097E528813F3300572676 /* ViewController.swift */; };
		189097E928813F3300572676 /* Main.storyboard in Resources */ = {isa = PBXBuildFile; fileRef = 189097E728813F3300572676 /* Main.storyboard */; };
		189097EB28813F3400572676 /* Assets.xcassets in Resources */ = {isa = PBXBuildFile; fileRef = 189097EA28813F3400572676 /* Assets.xcassets */; };
		189097EE28813F3400572676 /* LaunchScreen.storyboard in Resources */ = {isa = PBXBuildFile; fileRef = 189097EC28813F3400572676 /* LaunchScreen.storyboard */; };
		189097F428813F4F00572676 /* AbcdTestDemo.framework in Frameworks */ = {isa = PBXBuildFile; fileRef = 189097D128813F1000572676 /* AbcdTestDemo.framework */; };
		189097F528813F4F00572676 /* AbcdTestDemo.framework in Embed Frameworks */ = {isa = PBXBuildFile; fileRef = 189097D128813F1000572676 /* AbcdTestDemo.framework */; settings = {ATTRIBUTES = (CodeSignOnCopy, RemoveHeadersOnCopy, ); }; };
		189097FB2881401300572676 /* DemoApp.swift in Sources */ = {isa = PBXBuildFile; fileRef = 189097FA2881401300572676 /* DemoApp.swift */; };
		573A5B12E726C606C962C33E /* Pods_AbcdApp.framework in Frameworks */ = {isa = PBXBuildFile; fileRef = 3BBA5F1FDD441F96C910E667 /* Pods_AbcdApp.framework */; };
		7921BC2C965B5CA4E690112B /* Pods_AbcdTestDemo.framework in Frameworks */ = {isa = PBXBuildFile; fileRef = 5431ABAADFE0AE80D3A19B16 /* Pods_AbcdTestDemo.framework */; };
/* End PBXBuildFile section */

/* Begin PBXContainerItemProxy section */
		189097F628813F4F00572676 /* PBXContainerItemProxy */ = {
			isa = PBXContainerItemProxy;
			containerPortal = 189097C828813F1000572676 /* Project object */;
			proxyType = 1;
			remoteGlobalIDString = 189097D028813F1000572676;
			remoteInfo = AbcdTestDemo;
		};
/* End PBXContainerItemProxy section */

/* Begin PBXCopyFilesBuildPhase section */
		189097F828813F4F00572676 /* Embed Frameworks */ = {
			isa = PBXCopyFilesBuildPhase;
			buildActionMask = 2147483647;
			dstPath = "";
			dstSubfolderSpec = 10;
			files = (
				189097F528813F4F00572676 /* AbcdTestDemo.framework in Embed Frameworks */,
			);
			name = "Embed Frameworks";
			runOnlyForDeploymentPostprocessing = 0;
		};
/* End PBXCopyFilesBuildPhase section */

/* Begin PBXFileReference section */
		18762D5428816DD400008E46 /* LICENSE */ = {isa = PBXFileReference; fileEncoding = 4; lastKnownFileType = text; path = LICENSE; sourceTree = "<group>"; };
		18762D5528816DD400008E46 /* AbcdTestDemo.podspec */ = {isa = PBXFileReference; fileEncoding = 4; lastKnownFileType = text; path = AbcdTestDemo.podspec; sourceTree = "<group>"; };
		18762D5828816E4600008E46 /* README.md */ = {isa = PBXFileReference; fileEncoding = 4; lastKnownFileType = net.daringfireball.markdown; path = README.md; sourceTree = "<group>"; };
		189097D128813F1000572676 /* AbcdTestDemo.framework */ = {isa = PBXFileReference; explicitFileType = wrapper.framework; includeInIndex = 0; path = AbcdTestDemo.framework; sourceTree = BUILT_PRODUCTS_DIR; };
		189097D428813F1000572676 /* AbcdTestDemo.h */ = {isa = PBXFileReference; lastKnownFileType = sourcecode.c.h; path = AbcdTestDemo.h; sourceTree = "<group>"; };
		189097DF28813F3200572676 /* AbcdApp.app */ = {isa = PBXFileReference; explicitFileType = wrapper.application; includeInIndex = 0; path = AbcdApp.app; sourceTree = BUILT_PRODUCTS_DIR; };
		189097E128813F3200572676 /* AppDelegate.swift */ = {isa = PBXFileReference; lastKnownFileType = sourcecode.swift; path = AppDelegate.swift; sourceTree = "<group>"; };
		189097E328813F3300572676 /* SceneDelegate.swift */ = {isa = PBXFileReference; lastKnownFileType = sourcecode.swift; path = SceneDelegate.swift; sourceTree = "<group>"; };
		189097E528813F3300572676 /* ViewController.swift */ = {isa = PBXFileReference; lastKnownFileType = sourcecode.swift; path = ViewController.swift; sourceTree = "<group>"; };
		189097E828813F3300572676 /* Base */ = {isa = PBXFileReference; lastKnownFileType = file.storyboard; name = Base; path = Base.lproj/Main.storyboard; sourceTree = "<group>"; };
		189097EA28813F3400572676 /* Assets.xcassets */ = {isa = PBXFileReference; lastKnownFileType = folder.assetcatalog; path = Assets.xcassets; sourceTree = "<group>"; };
		189097ED28813F3400572676 /* Base */ = {isa = PBXFileReference; lastKnownFileType = file.storyboard; name = Base; path = Base.lproj/LaunchScreen.storyboard; sourceTree = "<group>"; };
		189097EF28813F3400572676 /* Info.plist */ = {isa = PBXFileReference; lastKnownFileType = text.plist.xml; path = Info.plist; sourceTree = "<group>"; };
		189097FA2881401300572676 /* DemoApp.swift */ = {isa = PBXFileReference; lastKnownFileType = sourcecode.swift; path = DemoApp.swift; sourceTree = "<group>"; };
		3BBA5F1FDD441F96C910E667 /* Pods_AbcdApp.framework */ = {isa = PBXFileReference; explicitFileType = wrapper.framework; includeInIndex = 0; path = Pods_AbcdApp.framework; sourceTree = BUILT_PRODUCTS_DIR; };
		4E55ACB2BEACA4DF1E18A747 /* Pods-AbcdTestDemo.release.xcconfig */ = {isa = PBXFileReference; includeInIndex = 1; lastKnownFileType = text.xcconfig; name = "Pods-AbcdTestDemo.release.xcconfig"; path = "Target Support Files/Pods-AbcdTestDemo/Pods-AbcdTestDemo.release.xcconfig"; sourceTree = "<group>"; };
		51F88DC3D4115161DDA469A8 /* Pods-AbcdApp.release.xcconfig */ = {isa = PBXFileReference; includeInIndex = 1; lastKnownFileType = text.xcconfig; name = "Pods-AbcdApp.release.xcconfig"; path = "Target Support Files/Pods-AbcdApp/Pods-AbcdApp.release.xcconfig"; sourceTree = "<group>"; };
		53CD3DC223968DD3EBE948D5 /* Pods-AbcdTestDemo.debug.xcconfig */ = {isa = PBXFileReference; includeInIndex = 1; lastKnownFileType = text.xcconfig; name = "Pods-AbcdTestDemo.debug.xcconfig"; path = "Target Support Files/Pods-AbcdTestDemo/Pods-AbcdTestDemo.debug.xcconfig"; sourceTree = "<group>"; };
		5431ABAADFE0AE80D3A19B16 /* Pods_AbcdTestDemo.framework */ = {isa = PBXFileReference; explicitFileType = wrapper.framework; includeInIndex = 0; path = Pods_AbcdTestDemo.framework; sourceTree = BUILT_PRODUCTS_DIR; };
		FC17D3DAB28F799759985138 /* Pods-AbcdApp.debug.xcconfig */ = {isa = PBXFileReference; includeInIndex = 1; lastKnownFileType = text.xcconfig; name = "Pods-AbcdApp.debug.xcconfig"; path = "Target Support Files/Pods-AbcdApp/Pods-AbcdApp.debug.xcconfig"; sourceTree = "<group>"; };
/* End PBXFileReference section */

/* Begin PBXFrameworksBuildPhase section */
		189097CE28813F1000572676 /* Frameworks */ = {
			isa = PBXFrameworksBuildPhase;
			buildActionMask = 2147483647;
			files = (
				7921BC2C965B5CA4E690112B /* Pods_AbcdTestDemo.framework in Frameworks */,
			);
			runOnlyForDeploymentPostprocessing = 0;
		};
		189097DC28813F3200572676 /* Frameworks */ = {
			isa = PBXFrameworksBuildPhase;
			buildActionMask = 2147483647;
			files = (
				189097F428813F4F00572676 /* AbcdTestDemo.framework in Frameworks */,
				573A5B12E726C606C962C33E /* Pods_AbcdApp.framework in Frameworks */,
			);
			runOnlyForDeploymentPostprocessing = 0;
		};
/* End PBXFrameworksBuildPhase section */

/* Begin PBXGroup section */
		189097C728813F1000572676 = {
			isa = PBXGroup;
			children = (
				189097F928813FF100572676 /* DemoApp */,
				189097D328813F1000572676 /* AbcdTestDemo */,
				189097E028813F3200572676 /* AbcdApp */,
				189097D228813F1000572676 /* Products */,
				189097F328813F4F00572676 /* Frameworks */,
				FD3A7DFD9DD11E351EFCB265 /* Pods */,
			);
			sourceTree = "<group>";
		};
		189097D228813F1000572676 /* Products */ = {
			isa = PBXGroup;
			children = (
				189097D128813F1000572676 /* AbcdTestDemo.framework */,
				189097DF28813F3200572676 /* AbcdApp.app */,
			);
			name = Products;
			sourceTree = "<group>";
		};
		189097D328813F1000572676 /* AbcdTestDemo */ = {
			isa = PBXGroup;
			children = (
				189097D428813F1000572676 /* AbcdTestDemo.h */,
				18762D5828816E4600008E46 /* README.md */,
				18762D5528816DD400008E46 /* AbcdTestDemo.podspec */,
				18762D5428816DD400008E46 /* LICENSE */,
			);
			path = AbcdTestDemo;
			sourceTree = "<group>";
		};
		189097E028813F3200572676 /* AbcdApp */ = {
			isa = PBXGroup;
			children = (
				189097E128813F3200572676 /* AppDelegate.swift */,
				189097E328813F3300572676 /* SceneDelegate.swift */,
				189097E528813F3300572676 /* ViewController.swift */,
				189097E728813F3300572676 /* Main.storyboard */,
				189097EA28813F3400572676 /* Assets.xcassets */,
				189097EC28813F3400572676 /* LaunchScreen.storyboard */,
				189097EF28813F3400572676 /* Info.plist */,
			);
			path = AbcdApp;
			sourceTree = "<group>";
		};
		189097F328813F4F00572676 /* Frameworks */ = {
			isa = PBXGroup;
			children = (
				3BBA5F1FDD441F96C910E667 /* Pods_AbcdApp.framework */,
				5431ABAADFE0AE80D3A19B16 /* Pods_AbcdTestDemo.framework */,
			);
			name = Frameworks;
			sourceTree = "<group>";
		};
		189097F928813FF100572676 /* DemoApp */ = {
			isa = PBXGroup;
			children = (
				189097FA2881401300572676 /* DemoApp.swift */,
			);
			path = DemoApp;
			sourceTree = "<group>";
		};
		FD3A7DFD9DD11E351EFCB265 /* Pods */ = {
			isa = PBXGroup;
			children = (
				FC17D3DAB28F799759985138 /* Pods-AbcdApp.debug.xcconfig */,
				51F88DC3D4115161DDA469A8 /* Pods-AbcdApp.release.xcconfig */,
				53CD3DC223968DD3EBE948D5 /* Pods-AbcdTestDemo.debug.xcconfig */,
				4E55ACB2BEACA4DF1E18A747 /* Pods-AbcdTestDemo.release.xcconfig */,
			);
			path = Pods;
			sourceTree = "<group>";
		};
/* End PBXGroup section */

/* Begin PBXHeadersBuildPhase section */
		189097CC28813F1000572676 /* Headers */ = {
			isa = PBXHeadersBuildPhase;
			buildActionMask = 2147483647;
			files = (
				189097D528813F1000572676 /* AbcdTestDemo.h in Headers */,
			);
			runOnlyForDeploymentPostprocessing = 0;
		};
/* End PBXHeadersBuildPhase section */

/* Begin PBXNativeTarget section */
		189097D028813F1000572676 /* AbcdTestDemo */ = {
			isa = PBXNativeTarget;
			buildConfigurationList = 189097D828813F1000572676 /* Build configuration list for PBXNativeTarget "AbcdTestDemo" */;
			buildPhases = (
				9961222E149FB9DAE2F53175 /* [CP] Check Pods Manifest.lock */,
				189097CC28813F1000572676 /* Headers */,
				189097CD28813F1000572676 /* Sources */,
				189097CE28813F1000572676 /* Frameworks */,
				189097CF28813F1000572676 /* Resources */,
			);
			buildRules = (
			);
			dependencies = (
			);
			name = AbcdTestDemo;
			productName = AbcdTestDemo;
			productReference = 189097D128813F1000572676 /* AbcdTestDemo.framework */;
			productType = "com.apple.product-type.framework";
		};
		189097DE28813F3200572676 /* AbcdApp */ = {
			isa = PBXNativeTarget;
			buildConfigurationList = 189097F028813F3400572676 /* Build configuration list for PBXNativeTarget "AbcdApp" */;
			buildPhases = (
				658E814D6592D9B9B94E0381 /* [CP] Check Pods Manifest.lock */,
				189097DB28813F3200572676 /* Sources */,
				189097DC28813F3200572676 /* Frameworks */,
				189097DD28813F3200572676 /* Resources */,
				189097F828813F4F00572676 /* Embed Frameworks */,
			);
			buildRules = (
			);
			dependencies = (
				189097F728813F4F00572676 /* PBXTargetDependency */,
			);
			name = AbcdApp;
			productName = AbcdApp;
			productReference = 189097DF28813F3200572676 /* AbcdApp.app */;
			productType = "com.apple.product-type.application";
		};
/* End PBXNativeTarget section */

/* Begin PBXProject section */
		189097C828813F1000572676 /* Project object */ = {
			isa = PBXProject;
			attributes = {
				BuildIndependentTargetsInParallel = 1;
				LastSwiftUpdateCheck = 1340;
				LastUpgradeCheck = 1340;
				TargetAttributes = {
					189097D028813F1000572676 = {
						CreatedOnToolsVersion = 13.4.1;
						LastSwiftMigration = 1340;
					};
					189097DE28813F3200572676 = {
						CreatedOnToolsVersion = 13.4.1;
					};
				};
			};
			buildConfigurationList = 189097CB28813F1000572676 /* Build configuration list for PBXProject "AbcdTestDemo" */;
			compatibilityVersion = "Xcode 13.0";
			developmentRegion = en;
			hasScannedForEncodings = 0;
			knownRegions = (
				en,
				Base,
			);
			mainGroup = 189097C728813F1000572676;
			productRefGroup = 189097D228813F1000572676 /* Products */;
			projectDirPath = "";
			projectRoot = "";
			targets = (
				189097D028813F1000572676 /* AbcdTestDemo */,
				189097DE28813F3200572676 /* AbcdApp */,
			);
		};
/* End PBXProject section */

/* Begin PBXResourcesBuildPhase section */
		189097CF28813F1000572676 /* Resources */ = {
			isa = PBXResourcesBuildPhase;
			buildActionMask = 2147483647;
			files = (
				18762D5928816E4600008E46 /* README.md in Resources */,
				18762D5628816DD400008E46 /* LICENSE in Resources */,
				18762D5728816DD400008E46 /* AbcdTestDemo.podspec in Resources */,
			);
			runOnlyForDeploymentPostprocessing = 0;
		};
		189097DD28813F3200572676 /* Resources */ = {
			isa = PBXResourcesBuildPhase;
			buildActionMask = 2147483647;
			files = (
				189097EE28813F3400572676 /* LaunchScreen.storyboard in Resources */,
				189097EB28813F3400572676 /* Assets.xcassets in Resources */,
				189097E928813F3300572676 /* Main.storyboard in Resources */,
			);
			runOnlyForDeploymentPostprocessing = 0;
		};
/* End PBXResourcesBuildPhase section */

/* Begin PBXShellScriptBuildPhase section */
		658E814D6592D9B9B94E0381 /* [CP] Check Pods Manifest.lock */ = {
			isa = PBXShellScriptBuildPhase;
			buildActionMask = 2147483647;
			files = (
			);
			inputFileListPaths = (
			);
			inputPaths = (
				"${PODS_PODFILE_DIR_PATH}/Podfile.lock",
				"${PODS_ROOT}/Manifest.lock",
			);
			name = "[CP] Check Pods Manifest.lock";
			outputFileListPaths = (
			);
			outputPaths = (
				"$(DERIVED_FILE_DIR)/Pods-AbcdApp-checkManifestLockResult.txt",
			);
			runOnlyForDeploymentPostprocessing = 0;
			shellPath = /bin/sh;
			shellScript = "diff \"${PODS_PODFILE_DIR_PATH}/Podfile.lock\" \"${PODS_ROOT}/Manifest.lock\" > /dev/null\nif [ $? != 0 ] ; then\n    # print error to STDERR\n    echo \"error: The sandbox is not in sync with the Podfile.lock. Run 'pod install' or update your CocoaPods installation.\" >&2\n    exit 1\nfi\n# This output is used by Xcode 'outputs' to avoid re-running this script phase.\necho \"SUCCESS\" > \"${SCRIPT_OUTPUT_FILE_0}\"\n";
			showEnvVarsInLog = 0;
		};
		9961222E149FB9DAE2F53175 /* [CP] Check Pods Manifest.lock */ = {
			isa = PBXShellScriptBuildPhase;
			buildActionMask = 2147483647;
			files = (
			);
			inputFileListPaths = (
			);
			inputPaths = (
				"${PODS_PODFILE_DIR_PATH}/Podfile.lock",
				"${PODS_ROOT}/Manifest.lock",
			);
			name = "[CP] Check Pods Manifest.lock";
			outputFileListPaths = (
			);
			outputPaths = (
				"$(DERIVED_FILE_DIR)/Pods-AbcdTestDemo-checkManifestLockResult.txt",
			);
			runOnlyForDeploymentPostprocessing = 0;
			shellPath = /bin/sh;
			shellScript = "diff \"${PODS_PODFILE_DIR_PATH}/Podfile.lock\" \"${PODS_ROOT}/Manifest.lock\" > /dev/null\nif [ $? != 0 ] ; then\n    # print error to STDERR\n    echo \"error: The sandbox is not in sync with the Podfile.lock. Run 'pod install' or update your CocoaPods installation.\" >&2\n    exit 1\nfi\n# This output is used by Xcode 'outputs' to avoid re-running this script phase.\necho \"SUCCESS\" > \"${SCRIPT_OUTPUT_FILE_0}\"\n";
			showEnvVarsInLog = 0;
		};
/* End PBXShellScriptBuildPhase section */

/* Begin PBXSourcesBuildPhase section */
		189097CD28813F1000572676 /* Sources */ = {
			isa = PBXSourcesBuildPhase;
			buildActionMask = 2147483647;
			files = (
				189097FB2881401300572676 /* DemoApp.swift in Sources */,
			);
			runOnlyForDeploymentPostprocessing = 0;
		};
		189097DB28813F3200572676 /* Sources */ = {
			isa = PBXSourcesBuildPhase;
			buildActionMask = 2147483647;
			files = (
				189097E628813F3300572676 /* ViewController.swift in Sources */,
				189097E228813F3200572676 /* AppDelegate.swift in Sources */,
				189097E428813F3300572676 /* SceneDelegate.swift in Sources */,
			);
			runOnlyForDeploymentPostprocessing = 0;
		};
/* End PBXSourcesBuildPhase section */

/* Begin PBXTargetDependency section */
		189097F728813F4F00572676 /* PBXTargetDependency */ = {
			isa = PBXTargetDependency;
			target = 189097D028813F1000572676 /* AbcdTestDemo */;
			targetProxy = 189097F628813F4F00572676 /* PBXContainerItemProxy */;
		};
/* End PBXTargetDependency section */

/* Begin PBXVariantGroup section */
		189097E728813F3300572676 /* Main.storyboard */ = {
			isa = PBXVariantGroup;
			children = (
				189097E828813F3300572676 /* Base */,
			);
			name = Main.storyboard;
			sourceTree = "<group>";
		};
		189097EC28813F3400572676 /* LaunchScreen.storyboard */ = {
			isa = PBXVariantGroup;
			children = (
				189097ED28813F3400572676 /* Base */,
			);
			name = LaunchScreen.storyboard;
			sourceTree = "<group>";
		};
/* End PBXVariantGroup section */

/* Begin XCBuildConfiguration section */
		189097D628813F1000572676 /* Debug */ = {
			isa = XCBuildConfiguration;
			buildSettings = {
				ALWAYS_SEARCH_USER_PATHS = NO;
				CLANG_ANALYZER_NONNULL = YES;
				CLANG_ANALYZER_NUMBER_OBJECT_CONVERSION = YES_AGGRESSIVE;
				CLANG_CXX_LANGUAGE_STANDARD = "gnu++17";
				CLANG_ENABLE_MODULES = YES;
				CLANG_ENABLE_OBJC_ARC = YES;
				CLANG_ENABLE_OBJC_WEAK = YES;
				CLANG_WARN_BLOCK_CAPTURE_AUTORELEASING = YES;
				CLANG_WARN_BOOL_CONVERSION = YES;
				CLANG_WARN_COMMA = YES;
				CLANG_WARN_CONSTANT_CONVERSION = YES;
				CLANG_WARN_DEPRECATED_OBJC_IMPLEMENTATIONS = YES;
				CLANG_WARN_DIRECT_OBJC_ISA_USAGE = YES_ERROR;
				CLANG_WARN_DOCUMENTATION_COMMENTS = YES;
				CLANG_WARN_EMPTY_BODY = YES;
				CLANG_WARN_ENUM_CONVERSION = YES;
				CLANG_WARN_INFINITE_RECURSION = YES;
				CLANG_WARN_INT_CONVERSION = YES;
				CLANG_WARN_NON_LITERAL_NULL_CONVERSION = YES;
				CLANG_WARN_OBJC_IMPLICIT_RETAIN_SELF = YES;
				CLANG_WARN_OBJC_LITERAL_CONVERSION = YES;
				CLANG_WARN_OBJC_ROOT_CLASS = YES_ERROR;
				CLANG_WARN_QUOTED_INCLUDE_IN_FRAMEWORK_HEADER = YES;
				CLANG_WARN_RANGE_LOOP_ANALYSIS = YES;
				CLANG_WARN_STRICT_PROTOTYPES = YES;
				CLANG_WARN_SUSPICIOUS_MOVE = YES;
				CLANG_WARN_UNGUARDED_AVAILABILITY = YES_AGGRESSIVE;
				CLANG_WARN_UNREACHABLE_CODE = YES;
				CLANG_WARN__DUPLICATE_METHOD_MATCH = YES;
				COPY_PHASE_STRIP = NO;
				CURRENT_PROJECT_VERSION = 1;
				DEBUG_INFORMATION_FORMAT = dwarf;
				ENABLE_STRICT_OBJC_MSGSEND = YES;
				ENABLE_TESTABILITY = YES;
				GCC_C_LANGUAGE_STANDARD = gnu11;
				GCC_DYNAMIC_NO_PIC = NO;
				GCC_NO_COMMON_BLOCKS = YES;
				GCC_OPTIMIZATION_LEVEL = 0;
				GCC_PREPROCESSOR_DEFINITIONS = (
					"DEBUG=1",
					"$(inherited)",
				);
				GCC_WARN_64_TO_32_BIT_CONVERSION = YES;
				GCC_WARN_ABOUT_RETURN_TYPE = YES_ERROR;
				GCC_WARN_UNDECLARED_SELECTOR = YES;
				GCC_WARN_UNINITIALIZED_AUTOS = YES_AGGRESSIVE;
				GCC_WARN_UNUSED_FUNCTION = YES;
				GCC_WARN_UNUSED_VARIABLE = YES;
				IPHONEOS_DEPLOYMENT_TARGET = 15.5;
				MTL_ENABLE_DEBUG_INFO = INCLUDE_SOURCE;
				MTL_FAST_MATH = YES;
				ONLY_ACTIVE_ARCH = YES;
				SDKROOT = iphoneos;
				SWIFT_ACTIVE_COMPILATION_CONDITIONS = DEBUG;
				SWIFT_OPTIMIZATION_LEVEL = "-Onone";
				VERSIONING_SYSTEM = "apple-generic";
				VERSION_INFO_PREFIX = "";
			};
			name = Debug;
		};
		189097D728813F1000572676 /* Release */ = {
			isa = XCBuildConfiguration;
			buildSettings = {
				ALWAYS_SEARCH_USER_PATHS = NO;
				CLANG_ANALYZER_NONNULL = YES;
				CLANG_ANALYZER_NUMBER_OBJECT_CONVERSION = YES_AGGRESSIVE;
				CLANG_CXX_LANGUAGE_STANDARD = "gnu++17";
				CLANG_ENABLE_MODULES = YES;
				CLANG_ENABLE_OBJC_ARC = YES;
				CLANG_ENABLE_OBJC_WEAK = YES;
				CLANG_WARN_BLOCK_CAPTURE_AUTORELEASING = YES;
				CLANG_WARN_BOOL_CONVERSION = YES;
				CLANG_WARN_COMMA = YES;
				CLANG_WARN_CONSTANT_CONVERSION = YES;
				CLANG_WARN_DEPRECATED_OBJC_IMPLEMENTATIONS = YES;
				CLANG_WARN_DIRECT_OBJC_ISA_USAGE = YES_ERROR;
				CLANG_WARN_DOCUMENTATION_COMMENTS = YES;
				CLANG_WARN_EMPTY_BODY = YES;
				CLANG_WARN_ENUM_CONVERSION = YES;
				CLANG_WARN_INFINITE_RECURSION = YES;
				CLANG_WARN_INT_CONVERSION = YES;
				CLANG_WARN_NON_LITERAL_NULL_CONVERSION = YES;
				CLANG_WARN_OBJC_IMPLICIT_RETAIN_SELF = YES;
				CLANG_WARN_OBJC_LITERAL_CONVERSION = YES;
				CLANG_WARN_OBJC_ROOT_CLASS = YES_ERROR;
				CLANG_WARN_QUOTED_INCLUDE_IN_FRAMEWORK_HEADER = YES;
				CLANG_WARN_RANGE_LOOP_ANALYSIS = YES;
				CLANG_WARN_STRICT_PROTOTYPES = YES;
				CLANG_WARN_SUSPICIOUS_MOVE = YES;
				CLANG_WARN_UNGUARDED_AVAILABILITY = YES_AGGRESSIVE;
				CLANG_WARN_UNREACHABLE_CODE = YES;
				CLANG_WARN__DUPLICATE_METHOD_MATCH = YES;
				COPY_PHASE_STRIP = NO;
				CURRENT_PROJECT_VERSION = 1;
				DEBUG_INFORMATION_FORMAT = "dwarf-with-dsym";
				ENABLE_NS_ASSERTIONS = NO;
				ENABLE_STRICT_OBJC_MSGSEND = YES;
				GCC_C_LANGUAGE_STANDARD = gnu11;
				GCC_NO_COMMON_BLOCKS = YES;
				GCC_WARN_64_TO_32_BIT_CONVERSION = YES;
				GCC_WARN_ABOUT_RETURN_TYPE = YES_ERROR;
				GCC_WARN_UNDECLARED_SELECTOR = YES;
				GCC_WARN_UNINITIALIZED_AUTOS = YES_AGGRESSIVE;
				GCC_WARN_UNUSED_FUNCTION = YES;
				GCC_WARN_UNUSED_VARIABLE = YES;
				IPHONEOS_DEPLOYMENT_TARGET = 15.5;
				MTL_ENABLE_DEBUG_INFO = NO;
				MTL_FAST_MATH = YES;
				SDKROOT = iphoneos;
				SWIFT_COMPILATION_MODE = wholemodule;
				SWIFT_OPTIMIZATION_LEVEL = "-O";
				VALIDATE_PRODUCT = YES;
				VERSIONING_SYSTEM = "apple-generic";
				VERSION_INFO_PREFIX = "";
			};
			name = Release;
		};
		189097D928813F1000572676 /* Debug */ = {
			isa = XCBuildConfiguration;
			baseConfigurationReference = 53CD3DC223968DD3EBE948D5 /* Pods-AbcdTestDemo.debug.xcconfig */;
			buildSettings = {
				CLANG_ENABLE_MODULES = YES;
				CODE_SIGN_STYLE = Automatic;
				CURRENT_PROJECT_VERSION = 1;
				DEFINES_MODULE = YES;
				DEVELOPMENT_TEAM = 9WB9QL8269;
				DYLIB_COMPATIBILITY_VERSION = 1;
				DYLIB_CURRENT_VERSION = 1;
				DYLIB_INSTALL_NAME_BASE = "@rpath";
				GENERATE_INFOPLIST_FILE = YES;
				INFOPLIST_KEY_NSHumanReadableCopyright = "";
				INSTALL_PATH = "$(LOCAL_LIBRARY_DIR)/Frameworks";
				LD_RUNPATH_SEARCH_PATHS = (
					"$(inherited)",
					"@executable_path/Frameworks",
					"@loader_path/Frameworks",
				);
				MARKETING_VERSION = 1.0;
				PRODUCT_BUNDLE_IDENTIFIER = it.com.AbcdTestDemo;
				PRODUCT_NAME = "$(TARGET_NAME:c99extidentifier)";
				SKIP_INSTALL = YES;
				SWIFT_EMIT_LOC_STRINGS = YES;
				SWIFT_OPTIMIZATION_LEVEL = "-Onone";
				SWIFT_VERSION = 5.0;
				TARGETED_DEVICE_FAMILY = "1,2";
			};
			name = Debug;
		};
		189097DA28813F1000572676 /* Release */ = {
			isa = XCBuildConfiguration;
			baseConfigurationReference = 4E55ACB2BEACA4DF1E18A747 /* Pods-AbcdTestDemo.release.xcconfig */;
			buildSettings = {
				CLANG_ENABLE_MODULES = YES;
				CODE_SIGN_STYLE = Automatic;
				CURRENT_PROJECT_VERSION = 1;
				DEFINES_MODULE = YES;
				DEVELOPMENT_TEAM = 9WB9QL8269;
				DYLIB_COMPATIBILITY_VERSION = 1;
				DYLIB_CURRENT_VERSION = 1;
				DYLIB_INSTALL_NAME_BASE = "@rpath";
				GENERATE_INFOPLIST_FILE = YES;
				INFOPLIST_KEY_NSHumanReadableCopyright = "";
				INSTALL_PATH = "$(LOCAL_LIBRARY_DIR)/Frameworks";
				LD_RUNPATH_SEARCH_PATHS = (
					"$(inherited)",
					"@executable_path/Frameworks",
					"@loader_path/Frameworks",
				);
				MARKETING_VERSION = 1.0;
				PRODUCT_BUNDLE_IDENTIFIER = it.com.AbcdTestDemo;
				PRODUCT_NAME = "$(TARGET_NAME:c99extidentifier)";
				SKIP_INSTALL = YES;
				SWIFT_EMIT_LOC_STRINGS = YES;
				SWIFT_VERSION = 5.0;
				TARGETED_DEVICE_FAMILY = "1,2";
			};
			name = Release;
		};
		189097F128813F3400572676 /* Debug */ = {
			isa = XCBuildConfiguration;
			baseConfigurationReference = FC17D3DAB28F799759985138 /* Pods-AbcdApp.debug.xcconfig */;
			buildSettings = {
				ALWAYS_EMBED_SWIFT_STANDARD_LIBRARIES = YES;
				ASSETCATALOG_COMPILER_APPICON_NAME = AppIcon;
				ASSETCATALOG_COMPILER_GLOBAL_ACCENT_COLOR_NAME = AccentColor;
				CODE_SIGN_STYLE = Automatic;
				CURRENT_PROJECT_VERSION = 1;
				DEVELOPMENT_TEAM = 9WB9QL8269;
				GENERATE_INFOPLIST_FILE = YES;
				INFOPLIST_FILE = AbcdApp/Info.plist;
				INFOPLIST_KEY_UIApplicationSupportsIndirectInputEvents = YES;
				INFOPLIST_KEY_UILaunchStoryboardName = LaunchScreen;
				INFOPLIST_KEY_UIMainStoryboardFile = Main;
				INFOPLIST_KEY_UISupportedInterfaceOrientations_iPad = "UIInterfaceOrientationPortrait UIInterfaceOrientationPortraitUpsideDown UIInterfaceOrientationLandscapeLeft UIInterfaceOrientationLandscapeRight";
				INFOPLIST_KEY_UISupportedInterfaceOrientations_iPhone = "UIInterfaceOrientationPortrait UIInterfaceOrientationLandscapeLeft UIInterfaceOrientationLandscapeRight";
				LD_RUNPATH_SEARCH_PATHS = (
					"$(inherited)",
					"@executable_path/Frameworks",
				);
				MARKETING_VERSION = 1.0;
				PRODUCT_BUNDLE_IDENTIFIER = it.com.AbcdApp;
				PRODUCT_NAME = "$(TARGET_NAME)";
				SWIFT_EMIT_LOC_STRINGS = YES;
				SWIFT_VERSION = 5.0;
				TARGETED_DEVICE_FAMILY = "1,2";
			};
			name = Debug;
		};
		189097F228813F3400572676 /* Release */ = {
			isa = XCBuildConfiguration;
			baseConfigurationReference = 51F88DC3D4115161DDA469A8 /* Pods-AbcdApp.release.xcconfig */;
			buildSettings = {
				ALWAYS_EMBED_SWIFT_STANDARD_LIBRARIES = YES;
				ASSETCATALOG_COMPILER_APPICON_NAME = AppIcon;
				ASSETCATALOG_COMPILER_GLOBAL_ACCENT_COLOR_NAME = AccentColor;
				CODE_SIGN_STYLE = Automatic;
				CURRENT_PROJECT_VERSION = 1;
				DEVELOPMENT_TEAM = 9WB9QL8269;
				GENERATE_INFOPLIST_FILE = YES;
				INFOPLIST_FILE = AbcdApp/Info.plist;
				INFOPLIST_KEY_UIApplicationSupportsIndirectInputEvents = YES;
				INFOPLIST_KEY_UILaunchStoryboardName = LaunchScreen;
				INFOPLIST_KEY_UIMainStoryboardFile = Main;
				INFOPLIST_KEY_UISupportedInterfaceOrientations_iPad = "UIInterfaceOrientationPortrait UIInterfaceOrientationPortraitUpsideDown UIInterfaceOrientationLandscapeLeft UIInterfaceOrientationLandscapeRight";
				INFOPLIST_KEY_UISupportedInterfaceOrientations_iPhone = "UIInterfaceOrientationPortrait UIInterfaceOrientationLandscapeLeft UIInterfaceOrientationLandscapeRight";
				LD_RUNPATH_SEARCH_PATHS = (
					"$(inherited)",
					"@executable_path/Frameworks",
				);
				MARKETING_VERSION = 1.0;
				PRODUCT_BUNDLE_IDENTIFIER = it.com.AbcdApp;
				PRODUCT_NAME = "$(TARGET_NAME)";
				SWIFT_EMIT_LOC_STRINGS = YES;
				SWIFT_VERSION = 5.0;
				TARGETED_DEVICE_FAMILY = "1,2";
			};
			name = Release;
		};
/* End XCBuildConfiguration section */

/* Begin XCConfigurationList section */
		189097CB28813F1000572676 /* Build configuration list for PBXProject "AbcdTestDemo" */ = {
			isa = XCConfigurationList;
			buildConfigurations = (
				189097D628813F1000572676 /* Debug */,
				189097D728813F1000572676 /* Release */,
			);
			defaultConfigurationIsVisible = 0;
			defaultConfigurationName = Release;
		};
		189097D828813F1000572676 /* Build configuration list for PBXNativeTarget "AbcdTestDemo" */ = {
			isa = XCConfigurationList;
			buildConfigurations = (
				189097D928813F1000572676 /* Debug */,
				189097DA28813F1000572676 /* Release */,
			);
			defaultConfigurationIsVisible = 0;
			defaultConfigurationName = Release;
		};
		189097F028813F3400572676 /* Build configuration list for PBXNativeTarget "AbcdApp" */ = {
			isa = XCConfigurationList;
			buildConfigurations = (
				189097F128813F3400572676 /* Debug */,
				189097F228813F3400572676 /* Release */,
			);
			defaultConfigurationIsVisible = 0;
			defaultConfigurationName = Release;
		};
/* End XCConfigurationList section */
	};
	rootObject = 189097C828813F1000572676 /* Project object */;
}
